
Microsoft Visual Studio Solution File, Format Version 12.00
# Visual Studio Version 16
VisualStudioVersion = 16.0.29613.14
MinimumVisualStudioVersion = 10.0.40219.1
Project("{FAE04EC0-301F-11D3-BF4B-00C04F79EFBC}") = "SeleniumTestsOnContainers", "SeleniumTestsOnContainers\SeleniumTestsOnContainers.csproj", "{4CD42C0F-48E3-46A5-A719-17AFEA2305A8}"
EndProject
Project("{2150E333-8FDC-42A3-9474-1A3956D46DE8}") = "Solution Items", "Solution Items", "{D53DD348-CBE4-4AC5-AE57-19A0DFD97987}"
	ProjectSection(SolutionItems) = preProject
		.runsettings = .runsettings
		docker-compose.yml = docker-compose.yml
		README.md = README.md
		selenium-k8s-deploy-svc.yaml = selenium-k8s-deploy-svc.yaml
		uitests-k8s-deploy-svc.yaml = uitests-k8s-deploy-svc.yaml
	EndProjectSection
EndProject
Global
	GlobalSection(SolutionConfigurationPlatforms) = preSolution
		Debug|Any CPU = Debug|Any CPU
		Release|Any CPU = Release|Any CPU
	EndGlobalSection
	GlobalSection(ProjectConfigurationPlatforms) = postSolution
		{4CD42C0F-48E3-46A5-A719-17AFEA2305A8}.Debug|Any CPU.ActiveCfg = Debug|Any CPU
		{4CD42C0F-48E3-46A5-A719-17AFEA2305A8}.Debug|Any CPU.Build.0 = Debug|Any CPU
		{4CD42C0F-48E3-46A5-A719-17AFEA2305A8}.Release|Any CPU.ActiveCfg = Release|Any CPU
		{4CD42C0F-48E3-46A5-A719-17AFEA2305A8}.Release|Any CPU.Build.0 = Release|Any CPU
	EndGlobalSection
	GlobalSection(SolutionProperties) = preSolution
		HideSolutionNode = FALSE
	EndGlobalSection
	GlobalSection(ExtensibilityGlobals) = postSolution
		SolutionGuid = {1D7665BE-617B-41CE-BAF8-A2AD18D2CB72}
	EndGlobalSection
EndGlobal
